
Microsoft Visual Studio Solution File, Format Version 12.00
# Visual Studio 15
VisualStudioVersion = 15.0.26430.16
MinimumVisualStudioVersion = 10.0.40219.1
Project("{FAE04EC0-301F-11D3-BF4B-00C04F79EFBC}") = "SamuraiAppCore.Domain", "SamuriAppCore.Domain\SamuraiAppCore.Domain.csproj", "{7CC929DF-1C15-48F6-AB72-1A7435096317}"
EndProject
Project("{FAE04EC0-301F-11D3-BF4B-00C04F79EFBC}") = "SamuraiAppCore.Data", "SamuraiAppCore.Data\SamuraiAppCore.Data.csproj", "{1FAC40D9-A98D-4EA0-A10B-B67720788DFD}"
EndProject
Project("{FAE04EC0-301F-11D3-BF4B-00C04F79EFBC}") = "CoreUI", "CoreUI\CoreUI.csproj", "{0C15310B-49BA-4682-9AD8-E2A6CA6BC41F}"
EndProject
Global
	GlobalSection(SolutionConfigurationPlatforms) = preSolution
		Debug|Any CPU = Debug|Any CPU
		Release|Any CPU = Release|Any CPU
	EndGlobalSection
	GlobalSection(ProjectConfigurationPlatforms) = postSolution
		{7CC929DF-1C15-48F6-AB72-1A7435096317}.Debug|Any CPU.ActiveCfg = Debug|Any CPU
		{7CC929DF-1C15-48F6-AB72-1A7435096317}.Debug|Any CPU.Build.0 = Debug|Any CPU
		{7CC929DF-1C15-48F6-AB72-1A7435096317}.Release|Any CPU.ActiveCfg = Release|Any CPU
		{7CC929DF-1C15-48F6-AB72-1A7435096317}.Release|Any CPU.Build.0 = Release|Any CPU
		{1FAC40D9-A98D-4EA0-A10B-B67720788DFD}.Debug|Any CPU.ActiveCfg = Debug|Any CPU
		{1FAC40D9-A98D-4EA0-A10B-B67720788DFD}.Debug|Any CPU.Build.0 = Debug|Any CPU
		{1FAC40D9-A98D-4EA0-A10B-B67720788DFD}.Release|Any CPU.ActiveCfg = Release|Any CPU
		{1FAC40D9-A98D-4EA0-A10B-B67720788DFD}.Release|Any CPU.Build.0 = Release|Any CPU
		{0C15310B-49BA-4682-9AD8-E2A6CA6BC41F}.Debug|Any CPU.ActiveCfg = Debug|Any CPU
		{0C15310B-49BA-4682-9AD8-E2A6CA6BC41F}.Debug|Any CPU.Build.0 = Debug|Any CPU
		{0C15310B-49BA-4682-9AD8-E2A6CA6BC41F}.Release|Any CPU.ActiveCfg = Release|Any CPU
		{0C15310B-49BA-4682-9AD8-E2A6CA6BC41F}.Release|Any CPU.Build.0 = Release|Any CPU
	EndGlobalSection
	GlobalSection(SolutionProperties) = preSolution
		HideSolutionNode = FALSE
	EndGlobalSection
EndGlobal
